// !$*UTF8*$!
{
	archiveVersion = 1;
	classes = {
	};
	objectVersion = 50;
	objects = {

/* Begin PBXBuildFile section */
		18275B78233C7C7300BA6F30 /* LensFM.h in Headers */ = {isa = PBXBuildFile; fileRef = 18275B76233C7C7300BA6F30 /* LensFM.h */; settings = {ATTRIBUTES = (Public, ); }; };
		18275B85233C7D8300BA6F30 /* AppDelegate.swift in Sources */ = {isa = PBXBuildFile; fileRef = 18275B84233C7D8300BA6F30 /* AppDelegate.swift */; };
		18275B87233C7D8300BA6F30 /* SceneDelegate.swift in Sources */ = {isa = PBXBuildFile; fileRef = 18275B86233C7D8300BA6F30 /* SceneDelegate.swift */; };
		18275B89233C7D8300BA6F30 /* ViewController.swift in Sources */ = {isa = PBXBuildFile; fileRef = 18275B88233C7D8300BA6F30 /* ViewController.swift */; };
		18275B8C233C7D8300BA6F30 /* Main.storyboard in Resources */ = {isa = PBXBuildFile; fileRef = 18275B8A233C7D8300BA6F30 /* Main.storyboard */; };
		18275B8E233C7D8400BA6F30 /* Assets.xcassets in Resources */ = {isa = PBXBuildFile; fileRef = 18275B8D233C7D8400BA6F30 /* Assets.xcassets */; };
		18275B91233C7D8400BA6F30 /* LaunchScreen.storyboard in Resources */ = {isa = PBXBuildFile; fileRef = 18275B8F233C7D8400BA6F30 /* LaunchScreen.storyboard */; };
		18D42426233CD316009473A5 /* podSpecLFMS.podspec in Resources */ = {isa = PBXBuildFile; fileRef = 18D42425233CD316009473A5 /* podSpecLFMS.podspec */; };
		18D42428233CD52F009473A5 /* ManoramaKit.podspec in Resources */ = {isa = PBXBuildFile; fileRef = 18D42427233CD52F009473A5 /* ManoramaKit.podspec */; };
/* End PBXBuildFile section */

/* Begin PBXFileReference section */
		18275B73233C7C7300BA6F30 /* LensFM.framework */ = {isa = PBXFileReference; explicitFileType = wrapper.framework; includeInIndex = 0; path = LensFM.framework; sourceTree = BUILT_PRODUCTS_DIR; };
		18275B76233C7C7300BA6F30 /* LensFM.h */ = {isa = PBXFileReference; lastKnownFileType = sourcecode.c.h; path = LensFM.h; sourceTree = "<group>"; };
		18275B77233C7C7300BA6F30 /* Info.plist */ = {isa = PBXFileReference; lastKnownFileType = text.plist.xml; path = Info.plist; sourceTree = "<group>"; };
		18275B82233C7D8300BA6F30 /* LController.app */ = {isa = PBXFileReference; explicitFileType = wrapper.application; includeInIndex = 0; path = LController.app; sourceTree = BUILT_PRODUCTS_DIR; };
		18275B84233C7D8300BA6F30 /* AppDelegate.swift */ = {isa = PBXFileReference; lastKnownFileType = sourcecode.swift; path = AppDelegate.swift; sourceTree = "<group>"; };
		18275B86233C7D8300BA6F30 /* SceneDelegate.swift */ = {isa = PBXFileReference; lastKnownFileType = sourcecode.swift; path = SceneDelegate.swift; sourceTree = "<group>"; };
		18275B88233C7D8300BA6F30 /* ViewController.swift */ = {isa = PBXFileReference; lastKnownFileType = sourcecode.swift; path = ViewController.swift; sourceTree = "<group>"; };
		18275B8B233C7D8300BA6F30 /* Base */ = {isa = PBXFileReference; lastKnownFileType = file.storyboard; name = Base; path = Base.lproj/Main.storyboard; sourceTree = "<group>"; };
		18275B8D233C7D8400BA6F30 /* Assets.xcassets */ = {isa = PBXFileReference; lastKnownFileType = folder.assetcatalog; path = Assets.xcassets; sourceTree = "<group>"; };
		18275B90233C7D8400BA6F30 /* Base */ = {isa = PBXFileReference; lastKnownFileType = file.storyboard; name = Base; path = Base.lproj/LaunchScreen.storyboard; sourceTree = "<group>"; };
		18275B92233C7D8400BA6F30 /* Info.plist */ = {isa = PBXFileReference; lastKnownFileType = text.plist.xml; path = Info.plist; sourceTree = "<group>"; };
		18D42425233CD316009473A5 /* podSpecLFMS.podspec */ = {isa = PBXFileReference; fileEncoding = 4; lastKnownFileType = text; path = podSpecLFMS.podspec; sourceTree = "<group>"; };
		18D42427233CD52F009473A5 /* ManoramaKit.podspec */ = {isa = PBXFileReference; fileEncoding = 4; lastKnownFileType = text; name = ManoramaKit.podspec; path = ../../../../Downloads/ManoramaKit.podspec; sourceTree = "<group>"; };
/* End PBXFileReference section */

/* Begin PBXFrameworksBuildPhase section */
		18275B70233C7C7300BA6F30 /* Frameworks */ = {
			isa = PBXFrameworksBuildPhase;
			buildActionMask = 2147483647;
			files = (
			);
			runOnlyForDeploymentPostprocessing = 0;
		};
		18275B7F233C7D8300BA6F30 /* Frameworks */ = {
			isa = PBXFrameworksBuildPhase;
			buildActionMask = 2147483647;
			files = (
			);
			runOnlyForDeploymentPostprocessing = 0;
		};
/* End PBXFrameworksBuildPhase section */

/* Begin PBXGroup section */
		18275B69233C7C7300BA6F30 = {
			isa = PBXGroup;
			children = (
				18D42425233CD316009473A5 /* podSpecLFMS.podspec */,
				18275B75233C7C7300BA6F30 /* LensFM */,
				18275B83233C7D8300BA6F30 /* LController */,
				18275B74233C7C7300BA6F30 /* Products */,
			);
			sourceTree = "<group>";
		};
		18275B74233C7C7300BA6F30 /* Products */ = {
			isa = PBXGroup;
			children = (
				18275B73233C7C7300BA6F30 /* LensFM.framework */,
				18275B82233C7D8300BA6F30 /* LController.app */,
			);
			name = Products;
			sourceTree = "<group>";
		};
		18275B75233C7C7300BA6F30 /* LensFM */ = {
			isa = PBXGroup;
			children = (
				18275B76233C7C7300BA6F30 /* LensFM.h */,
				18275B77233C7C7300BA6F30 /* Info.plist */,
			);
			path = LensFM;
			sourceTree = "<group>";
		};
		18275B83233C7D8300BA6F30 /* LController */ = {
			isa = PBXGroup;
			children = (
				18D42427233CD52F009473A5 /* ManoramaKit.podspec */,
				18275B84233C7D8300BA6F30 /* AppDelegate.swift */,
				18275B86233C7D8300BA6F30 /* SceneDelegate.swift */,
				18275B88233C7D8300BA6F30 /* ViewController.swift */,
				18275B8A233C7D8300BA6F30 /* Main.storyboard */,
				18275B8D233C7D8400BA6F30 /* Assets.xcassets */,
				18275B8F233C7D8400BA6F30 /* LaunchScreen.storyboard */,
				18275B92233C7D8400BA6F30 /* Info.plist */,
			);
			path = LController;
			sourceTree = "<group>";
		};
/* End PBXGroup section */

/* Begin PBXHeadersBuildPhase section */
		18275B6E233C7C7300BA6F30 /* Headers */ = {
			isa = PBXHeadersBuildPhase;
			buildActionMask = 2147483647;
			files = (
				18275B78233C7C7300BA6F30 /* LensFM.h in Headers */,
			);
			runOnlyForDeploymentPostprocessing = 0;
		};
/* End PBXHeadersBuildPhase section */

/* Begin PBXNativeTarget section */
		18275B72233C7C7300BA6F30 /* LensFM */ = {
			isa = PBXNativeTarget;
			buildConfigurationList = 18275B7B233C7C7300BA6F30 /* Build configuration list for PBXNativeTarget "LensFM" */;
			buildPhases = (
				18275B6E233C7C7300BA6F30 /* Headers */,
				18275B6F233C7C7300BA6F30 /* Sources */,
				18275B70233C7C7300BA6F30 /* Frameworks */,
				18275B71233C7C7300BA6F30 /* Resources */,
			);
			buildRules = (
			);
			dependencies = (
			);
			name = LensFM;
			productName = LensFM;
			productReference = 18275B73233C7C7300BA6F30 /* LensFM.framework */;
			productType = "com.apple.product-type.framework";
		};
		18275B81233C7D8300BA6F30 /* LController */ = {
			isa = PBXNativeTarget;
			buildConfigurationList = 18275B93233C7D8400BA6F30 /* Build configuration list for PBXNativeTarget "LController" */;
			buildPhases = (
				18275B7E233C7D8300BA6F30 /* Sources */,
				18275B7F233C7D8300BA6F30 /* Frameworks */,
				18275B80233C7D8300BA6F30 /* Resources */,
			);
			buildRules = (
			);
			dependencies = (
			);
			name = LController;
			productName = LController;
			productReference = 18275B82233C7D8300BA6F30 /* LController.app */;
			productType = "com.apple.product-type.application";
		};
/* End PBXNativeTarget section */

/* Begin PBXProject section */
		18275B6A233C7C7300BA6F30 /* Project object */ = {
			isa = PBXProject;
			attributes = {
				LastSwiftUpdateCheck = 1100;
				LastUpgradeCheck = 1100;
				ORGANIZATIONNAME = "Hifx Media Services Pvt LTD";
				TargetAttributes = {
					18275B72233C7C7300BA6F30 = {
						CreatedOnToolsVersion = 11.0;
					};
					18275B81233C7D8300BA6F30 = {
						CreatedOnToolsVersion = 11.0;
					};
				};
			};
			buildConfigurationList = 18275B6D233C7C7300BA6F30 /* Build configuration list for PBXProject "LensFM" */;
			compatibilityVersion = "Xcode 9.3";
			developmentRegion = en;
			hasScannedForEncodings = 0;
			knownRegions = (
				en,
				Base,
			);
			mainGroup = 18275B69233C7C7300BA6F30;
			productRefGroup = 18275B74233C7C7300BA6F30 /* Products */;
			projectDirPath = "";
			projectRoot = "";
			targets = (
				18275B72233C7C7300BA6F30 /* LensFM */,
				18275B81233C7D8300BA6F30 /* LController */,
			);
		};
/* End PBXProject section */

/* Begin PBXResourcesBuildPhase section */
		18275B71233C7C7300BA6F30 /* Resources */ = {
			isa = PBXResourcesBuildPhase;
			buildActionMask = 2147483647;
			files = (
				18D42426233CD316009473A5 /* podSpecLFMS.podspec in Resources */,
			);
			runOnlyForDeploymentPostprocessing = 0;
		};
		18275B80233C7D8300BA6F30 /* Resources */ = {
			isa = PBXResourcesBuildPhase;
			buildActionMask = 2147483647;
			files = (
				18275B91233C7D8400BA6F30 /* LaunchScreen.storyboard in Resources */,
				18275B8E233C7D8400BA6F30 /* Assets.xcassets in Resources */,
				18275B8C233C7D8300BA6F30 /* Main.storyboard in Resources */,
				18D42428233CD52F009473A5 /* ManoramaKit.podspec in Resources */,
			);
			runOnlyForDeploymentPostprocessing = 0;
		};
/* End PBXResourcesBuildPhase section */

/* Begin PBXSourcesBuildPhase section */
		18275B6F233C7C7300BA6F30 /* Sources */ = {
			isa = PBXSourcesBuildPhase;
			buildActionMask = 2147483647;
			files = (
			);
			runOnlyForDeploymentPostprocessing = 0;
		};
		18275B7E233C7D8300BA6F30 /* Sources */ = {
			isa = PBXSourcesBuildPhase;
			buildActionMask = 2147483647;
			files = (
				18275B89233C7D8300BA6F30 /* ViewController.swift in Sources */,
				18275B85233C7D8300BA6F30 /* AppDelegate.swift in Sources */,
				18275B87233C7D8300BA6F30 /* SceneDelegate.swift in Sources */,
			);
			runOnlyForDeploymentPostprocessing = 0;
		};
/* End PBXSourcesBuildPhase section */

/* Begin PBXVariantGroup section */
		18275B8A233C7D8300BA6F30 /* Main.storyboard */ = {
			isa = PBXVariantGroup;
			children = (
				18275B8B233C7D8300BA6F30 /* Base */,
			);
			name = Main.storyboard;
			sourceTree = "<group>";
		};
		18275B8F233C7D8400BA6F30 /* LaunchScreen.storyboard */ = {
			isa = PBXVariantGroup;
			children = (
				18275B90233C7D8400BA6F30 /* Base */,
			);
			name = LaunchScreen.storyboard;
			sourceTree = "<group>";
		};
/* End PBXVariantGroup section */

/* Begin XCBuildConfiguration section */
		18275B79233C7C7300BA6F30 /* Debug */ = {
			isa = XCBuildConfiguration;
			buildSettings = {
				ALWAYS_SEARCH_USER_PATHS = NO;
				CLANG_ANALYZER_NONNULL = YES;
				CLANG_ANALYZER_NUMBER_OBJECT_CONVERSION = YES_AGGRESSIVE;
				CLANG_CXX_LANGUAGE_STANDARD = "gnu++14";
				CLANG_CXX_LIBRARY = "libc++";
				CLANG_ENABLE_MODULES = YES;
				CLANG_ENABLE_OBJC_ARC = YES;
				CLANG_ENABLE_OBJC_WEAK = YES;
				CLANG_WARN_BLOCK_CAPTURE_AUTORELEASING = YES;
				CLANG_WARN_BOOL_CONVERSION = YES;
				CLANG_WARN_COMMA = YES;
				CLANG_WARN_CONSTANT_CONVERSION = YES;
				CLANG_WARN_DEPRECATED_OBJC_IMPLEMENTATIONS = YES;
				CLANG_WARN_DIRECT_OBJC_ISA_USAGE = YES_ERROR;
				CLANG_WARN_DOCUMENTATION_COMMENTS = YES;
				CLANG_WARN_EMPTY_BODY = YES;
				CLANG_WARN_ENUM_CONVERSION = YES;
				CLANG_WARN_INFINITE_RECURSION = YES;
				CLANG_WARN_INT_CONVERSION = YES;
				CLANG_WARN_NON_LITERAL_NULL_CONVERSION = YES;
				CLANG_WARN_OBJC_IMPLICIT_RETAIN_SELF = YES;
				CLANG_WARN_OBJC_LITERAL_CONVERSION = YES;
				CLANG_WARN_OBJC_ROOT_CLASS = YES_ERROR;
				CLANG_WARN_RANGE_LOOP_ANALYSIS = YES;
				CLANG_WARN_STRICT_PROTOTYPES = YES;
				CLANG_WARN_SUSPICIOUS_MOVE = YES;
				CLANG_WARN_UNGUARDED_AVAILABILITY = YES_AGGRESSIVE;
				CLANG_WARN_UNREACHABLE_CODE = YES;
				CLANG_WARN__DUPLICATE_METHOD_MATCH = YES;
				COPY_PHASE_STRIP = NO;
				CURRENT_PROJECT_VERSION = 1;
				DEBUG_INFORMATION_FORMAT = dwarf;
				ENABLE_STRICT_OBJC_MSGSEND = YES;
				ENABLE_TESTABILITY = YES;
				GCC_C_LANGUAGE_STANDARD = gnu11;
				GCC_DYNAMIC_NO_PIC = NO;
				GCC_NO_COMMON_BLOCKS = YES;
				GCC_OPTIMIZATION_LEVEL = 0;
				GCC_PREPROCESSOR_DEFINITIONS = (
					"DEBUG=1",
					"$(inherited)",
				);
				GCC_WARN_64_TO_32_BIT_CONVERSION = YES;
				GCC_WARN_ABOUT_RETURN_TYPE = YES_ERROR;
				GCC_WARN_UNDECLARED_SELECTOR = YES;
				GCC_WARN_UNINITIALIZED_AUTOS = YES_AGGRESSIVE;
				GCC_WARN_UNUSED_FUNCTION = YES;
				GCC_WARN_UNUSED_VARIABLE = YES;
				IPHONEOS_DEPLOYMENT_TARGET = 13.0;
				MTL_ENABLE_DEBUG_INFO = INCLUDE_SOURCE;
				MTL_FAST_MATH = YES;
				ONLY_ACTIVE_ARCH = YES;
				SDKROOT = iphoneos;
				SWIFT_ACTIVE_COMPILATION_CONDITIONS = DEBUG;
				SWIFT_OPTIMIZATION_LEVEL = "-Onone";
				VERSIONING_SYSTEM = "apple-generic";
				VERSION_INFO_PREFIX = "";
			};
			name = Debug;
		};
		18275B7A233C7C7300BA6F30 /* Release */ = {
			isa = XCBuildConfiguration;
			buildSettings = {
				ALWAYS_SEARCH_USER_PATHS = NO;
				CLANG_ANALYZER_NONNULL = YES;
				CLANG_ANALYZER_NUMBER_OBJECT_CONVERSION = YES_AGGRESSIVE;
				CLANG_CXX_LANGUAGE_STANDARD = "gnu++14";
				CLANG_CXX_LIBRARY = "libc++";
				CLANG_ENABLE_MODULES = YES;
				CLANG_ENABLE_OBJC_ARC = YES;
				CLANG_ENABLE_OBJC_WEAK = YES;
				CLANG_WARN_BLOCK_CAPTURE_AUTORELEASING = YES;
				CLANG_WARN_BOOL_CONVERSION = YES;
				CLANG_WARN_COMMA = YES;
				CLANG_WARN_CONSTANT_CONVERSION = YES;
				CLANG_WARN_DEPRECATED_OBJC_IMPLEMENTATIONS = YES;
				CLANG_WARN_DIRECT_OBJC_ISA_USAGE = YES_ERROR;
				CLANG_WARN_DOCUMENTATION_COMMENTS = YES;
				CLANG_WARN_EMPTY_BODY = YES;
				CLANG_WARN_ENUM_CONVERSION = YES;
				CLANG_WARN_INFINITE_RECURSION = YES;
				CLANG_WARN_INT_CONVERSION = YES;
				CLANG_WARN_NON_LITERAL_NULL_CONVERSION = YES;
				CLANG_WARN_OBJC_IMPLICIT_RETAIN_SELF = YES;
				CLANG_WARN_OBJC_LITERAL_CONVERSION = YES;
				CLANG_WARN_OBJC_ROOT_CLASS = YES_ERROR;
				CLANG_WARN_RANGE_LOOP_ANALYSIS = YES;
				CLANG_WARN_STRICT_PROTOTYPES = YES;
				CLANG_WARN_SUSPICIOUS_MOVE = YES;
				CLANG_WARN_UNGUARDED_AVAILABILITY = YES_AGGRESSIVE;
				CLANG_WARN_UNREACHABLE_CODE = YES;
				CLANG_WARN__DUPLICATE_METHOD_MATCH = YES;
				COPY_PHASE_STRIP = NO;
				CURRENT_PROJECT_VERSION = 1;
				DEBUG_INFORMATION_FORMAT = "dwarf-with-dsym";
				ENABLE_NS_ASSERTIONS = NO;
				ENABLE_STRICT_OBJC_MSGSEND = YES;
				GCC_C_LANGUAGE_STANDARD = gnu11;
				GCC_NO_COMMON_BLOCKS = YES;
				GCC_WARN_64_TO_32_BIT_CONVERSION = YES;
				GCC_WARN_ABOUT_RETURN_TYPE = YES_ERROR;
				GCC_WARN_UNDECLARED_SELECTOR = YES;
				GCC_WARN_UNINITIALIZED_AUTOS = YES_AGGRESSIVE;
				GCC_WARN_UNUSED_FUNCTION = YES;
				GCC_WARN_UNUSED_VARIABLE = YES;
				IPHONEOS_DEPLOYMENT_TARGET = 13.0;
				MTL_ENABLE_DEBUG_INFO = NO;
				MTL_FAST_MATH = YES;
				SDKROOT = iphoneos;
				SWIFT_COMPILATION_MODE = wholemodule;
				SWIFT_OPTIMIZATION_LEVEL = "-O";
				VALIDATE_PRODUCT = YES;
				VERSIONING_SYSTEM = "apple-generic";
				VERSION_INFO_PREFIX = "";
			};
			name = Release;
		};
		18275B7C233C7C7300BA6F30 /* Debug */ = {
			isa = XCBuildConfiguration;
			buildSettings = {
				CODE_SIGN_STYLE = Automatic;
				DEFINES_MODULE = YES;
				DEVELOPMENT_TEAM = Q4W57L47X5;
				DYLIB_COMPATIBILITY_VERSION = 1;
				DYLIB_CURRENT_VERSION = 1;
				DYLIB_INSTALL_NAME_BASE = "@rpath";
				INFOPLIST_FILE = LensFM/Info.plist;
				INSTALL_PATH = "$(LOCAL_LIBRARY_DIR)/Frameworks";
				LD_RUNPATH_SEARCH_PATHS = (
					"$(inherited)",
					"@executable_path/Frameworks",
					"@loader_path/Frameworks",
				);
				PRODUCT_BUNDLE_IDENTIFIER = Lalson.LensFM;
				PRODUCT_NAME = "$(TARGET_NAME:c99extidentifier)";
				SKIP_INSTALL = YES;
				SWIFT_VERSION = 5.0;
				TARGETED_DEVICE_FAMILY = "1,2";
			};
			name = Debug;
		};
		18275B7D233C7C7300BA6F30 /* Release */ = {
			isa = XCBuildConfiguration;
			buildSettings = {
				CODE_SIGN_STYLE = Automatic;
				DEFINES_MODULE = YES;
				DEVELOPMENT_TEAM = Q4W57L47X5;
				DYLIB_COMPATIBILITY_VERSION = 1;
				DYLIB_CURRENT_VERSION = 1;
				DYLIB_INSTALL_NAME_BASE = "@rpath";
				INFOPLIST_FILE = LensFM/Info.plist;
				INSTALL_PATH = "$(LOCAL_LIBRARY_DIR)/Frameworks";
				LD_RUNPATH_SEARCH_PATHS = (
					"$(inherited)",
					"@executable_path/Frameworks",
					"@loader_path/Frameworks",
				);
				PRODUCT_BUNDLE_IDENTIFIER = Lalson.LensFM;
				PRODUCT_NAME = "$(TARGET_NAME:c99extidentifier)";
				SKIP_INSTALL = YES;
				SWIFT_VERSION = 5.0;
				TARGETED_DEVICE_FAMILY = "1,2";
			};
			name = Release;
		};
		18275B94233C7D8400BA6F30 /* Debug */ = {
			isa = XCBuildConfiguration;
			buildSettings = {
				ASSETCATALOG_COMPILER_APPICON_NAME = AppIcon;
				CODE_SIGN_STYLE = Automatic;
				DEVELOPMENT_TEAM = Q4W57L47X5;
				INFOPLIST_FILE = LController/Info.plist;
				LD_RUNPATH_SEARCH_PATHS = (
					"$(inherited)",
					"@executable_path/Frameworks",
				);
				PRODUCT_BUNDLE_IDENTIFIER = Lalson.LController;
				PRODUCT_NAME = "$(TARGET_NAME)";
				SWIFT_VERSION = 5.0;
				TARGETED_DEVICE_FAMILY = 1;
			};
			name = Debug;
		};
		18275B95233C7D8400BA6F30 /* Release */ = {
			isa = XCBuildConfiguration;
			buildSettings = {
				ASSETCATALOG_COMPILER_APPICON_NAME = AppIcon;
				CODE_SIGN_STYLE = Automatic;
				DEVELOPMENT_TEAM = Q4W57L47X5;
				INFOPLIST_FILE = LController/Info.plist;
				LD_RUNPATH_SEARCH_PATHS = (
					"$(inherited)",
					"@executable_path/Frameworks",
				);
				PRODUCT_BUNDLE_IDENTIFIER = Lalson.LController;
				PRODUCT_NAME = "$(TARGET_NAME)";
				SWIFT_VERSION = 5.0;
				TARGETED_DEVICE_FAMILY = 1;
			};
			name = Release;
		};
/* End XCBuildConfiguration section */

/* Begin XCConfigurationList section */
		18275B6D233C7C7300BA6F30 /* Build configuration list for PBXProject "LensFM" */ = {
			isa = XCConfigurationList;
			buildConfigurations = (
				18275B79233C7C7300BA6F30 /* Debug */,
				18275B7A233C7C7300BA6F30 /* Release */,
			);
			defaultConfigurationIsVisible = 0;
			defaultConfigurationName = Release;
		};
		18275B7B233C7C7300BA6F30 /* Build configuration list for PBXNativeTarget "LensFM" */ = {
			isa = XCConfigurationList;
			buildConfigurations = (
				18275B7C233C7C7300BA6F30 /* Debug */,
				18275B7D233C7C7300BA6F30 /* Release */,
			);
			defaultConfigurationIsVisible = 0;
			defaultConfigurationName = Release;
		};
		18275B93233C7D8400BA6F30 /* Build configuration list for PBXNativeTarget "LController" */ = {
			isa = XCConfigurationList;
			buildConfigurations = (
				18275B94233C7D8400BA6F30 /* Debug */,
				18275B95233C7D8400BA6F30 /* Release */,
			);
			defaultConfigurationIsVisible = 0;
			defaultConfigurationName = Release;
		};
/* End XCConfigurationList section */
	};
	rootObject = 18275B6A233C7C7300BA6F30 /* Project object */;
}
